
Microsoft Visual Studio Solution File, Format Version 12.00
# Visual Studio Version 16
VisualStudioVersion = 16.0.29519.87
MinimumVisualStudioVersion = 10.0.40219.1
Project("{9A19103F-16F7-4668-BE54-9A1E7A4F7556}") = "Overseer", "Overseer.csproj", "{B3EFC4F0-C738-4154-BD6F-3934170CB27B}"
EndProject
Global
	GlobalSection(SolutionConfigurationPlatforms) = preSolution
		Debug|Any CPU = Debug|Any CPU
		Release|Any CPU = Release|Any CPU
	EndGlobalSection
	GlobalSection(ProjectConfigurationPlatforms) = postSolution
		{B3EFC4F0-C738-4154-BD6F-3934170CB27B}.Debug|Any CPU.ActiveCfg = Debug|Any CPU
		{B3EFC4F0-C738-4154-BD6F-3934170CB27B}.Debug|Any CPU.Build.0 = Debug|Any CPU
		{B3EFC4F0-C738-4154-BD6F-3934170CB27B}.Release|Any CPU.ActiveCfg = Release|Any CPU
		{B3EFC4F0-C738-4154-BD6F-3934170CB27B}.Release|Any CPU.Build.0 = Release|Any CPU
	EndGlobalSection
	GlobalSection(SolutionProperties) = preSolution
		HideSolutionNode = FALSE
	EndGlobalSection
	GlobalSection(ExtensibilityGlobals) = postSolution
		SolutionGuid = {C4E16A64-45E5-4F8B-9E65-5363A2CCCB05}
	EndGlobalSection
EndGlobal
